
Microsoft Visual Studio Solution File, Format Version 12.00
# Visual Studio Version 16
VisualStudioVersion = 16.0.30523.141
MinimumVisualStudioVersion = 10.0.40219.1
Project("{FAE04EC0-301F-11D3-BF4B-00C04F79EFBC}") = "Curs2", "Curs2\Curs2.csproj", "{CD69EB6E-A158-499A-9F39-9DCB0A19D074}"
EndProject
Project("{FAE04EC0-301F-11D3-BF4B-00C04F79EFBC}") = "2", "2\2.csproj", "{3C64D27B-60C7-4DAC-BF31-BB5401345BF3}"
EndProject
Project("{FAE04EC0-301F-11D3-BF4B-00C04F79EFBC}") = "3", "3\3.csproj", "{3E93AEDB-59AF-4BB5-9B95-405E4AED145E}"
EndProject
Global
	GlobalSection(SolutionConfigurationPlatforms) = preSolution
		Debug|Any CPU = Debug|Any CPU
		Release|Any CPU = Release|Any CPU
	EndGlobalSection
	GlobalSection(ProjectConfigurationPlatforms) = postSolution
		{CD69EB6E-A158-499A-9F39-9DCB0A19D074}.Debug|Any CPU.ActiveCfg = Debug|Any CPU
		{CD69EB6E-A158-499A-9F39-9DCB0A19D074}.Debug|Any CPU.Build.0 = Debug|Any CPU
		{CD69EB6E-A158-499A-9F39-9DCB0A19D074}.Release|Any CPU.ActiveCfg = Release|Any CPU
		{CD69EB6E-A158-499A-9F39-9DCB0A19D074}.Release|Any CPU.Build.0 = Release|Any CPU
		{3C64D27B-60C7-4DAC-BF31-BB5401345BF3}.Debug|Any CPU.ActiveCfg = Debug|Any CPU
		{3C64D27B-60C7-4DAC-BF31-BB5401345BF3}.Debug|Any CPU.Build.0 = Debug|Any CPU
		{3C64D27B-60C7-4DAC-BF31-BB5401345BF3}.Release|Any CPU.ActiveCfg = Release|Any CPU
		{3C64D27B-60C7-4DAC-BF31-BB5401345BF3}.Release|Any CPU.Build.0 = Release|Any CPU
		{3E93AEDB-59AF-4BB5-9B95-405E4AED145E}.Debug|Any CPU.ActiveCfg = Debug|Any CPU
		{3E93AEDB-59AF-4BB5-9B95-405E4AED145E}.Debug|Any CPU.Build.0 = Debug|Any CPU
		{3E93AEDB-59AF-4BB5-9B95-405E4AED145E}.Release|Any CPU.ActiveCfg = Release|Any CPU
		{3E93AEDB-59AF-4BB5-9B95-405E4AED145E}.Release|Any CPU.Build.0 = Release|Any CPU
	EndGlobalSection
	GlobalSection(SolutionProperties) = preSolution
		HideSolutionNode = FALSE
	EndGlobalSection
	GlobalSection(ExtensibilityGlobals) = postSolution
		SolutionGuid = {632197B1-D91F-411E-906A-CFEE46B94D0C}
	EndGlobalSection
EndGlobal
