
Microsoft Visual Studio Solution File, Format Version 12.00
# Visual Studio Version 16
VisualStudioVersion = 16.0.30523.141
MinimumVisualStudioVersion = 10.0.40219.1
Project("{FAE04EC0-301F-11D3-BF4B-00C04F79EFBC}") = "Curs3_V2", "Curs3_V2\Curs3_V2.csproj", "{7D5812F4-95CF-48A0-B847-71B0D193031E}"
EndProject
Global
	GlobalSection(SolutionConfigurationPlatforms) = preSolution
		Debug|Any CPU = Debug|Any CPU
		Release|Any CPU = Release|Any CPU
	EndGlobalSection
	GlobalSection(ProjectConfigurationPlatforms) = postSolution
		{7D5812F4-95CF-48A0-B847-71B0D193031E}.Debug|Any CPU.ActiveCfg = Debug|Any CPU
		{7D5812F4-95CF-48A0-B847-71B0D193031E}.Debug|Any CPU.Build.0 = Debug|Any CPU
		{7D5812F4-95CF-48A0-B847-71B0D193031E}.Release|Any CPU.ActiveCfg = Release|Any CPU
		{7D5812F4-95CF-48A0-B847-71B0D193031E}.Release|Any CPU.Build.0 = Release|Any CPU
	EndGlobalSection
	GlobalSection(SolutionProperties) = preSolution
		HideSolutionNode = FALSE
	EndGlobalSection
	GlobalSection(ExtensibilityGlobals) = postSolution
		SolutionGuid = {E6B0441B-BAB2-4904-ADD9-E4167FD56B98}
	EndGlobalSection
EndGlobal
