
Microsoft Visual Studio Solution File, Format Version 12.00
# Visual Studio Version 16
VisualStudioVersion = 16.0.30523.141
MinimumVisualStudioVersion = 10.0.40219.1
Project("{FAE04EC0-301F-11D3-BF4B-00C04F79EFBC}") = "Forme_Colorate", "Forme_Colorate\Forme_Colorate.csproj", "{100BAD9D-400D-46C9-A6CE-9387DDDAD00F}"
EndProject
Global
	GlobalSection(SolutionConfigurationPlatforms) = preSolution
		Debug|Any CPU = Debug|Any CPU
		Release|Any CPU = Release|Any CPU
	EndGlobalSection
	GlobalSection(ProjectConfigurationPlatforms) = postSolution
		{100BAD9D-400D-46C9-A6CE-9387DDDAD00F}.Debug|Any CPU.ActiveCfg = Debug|Any CPU
		{100BAD9D-400D-46C9-A6CE-9387DDDAD00F}.Debug|Any CPU.Build.0 = Debug|Any CPU
		{100BAD9D-400D-46C9-A6CE-9387DDDAD00F}.Release|Any CPU.ActiveCfg = Release|Any CPU
		{100BAD9D-400D-46C9-A6CE-9387DDDAD00F}.Release|Any CPU.Build.0 = Release|Any CPU
	EndGlobalSection
	GlobalSection(SolutionProperties) = preSolution
		HideSolutionNode = FALSE
	EndGlobalSection
	GlobalSection(ExtensibilityGlobals) = postSolution
		SolutionGuid = {46D62AD3-9D34-4E9F-9337-61E2E68DD871}
	EndGlobalSection
EndGlobal
