
Microsoft Visual Studio Solution File, Format Version 12.00
# Visual Studio Version 16
VisualStudioVersion = 16.0.30523.141
MinimumVisualStudioVersion = 10.0.40219.1
Project("{FAE04EC0-301F-11D3-BF4B-00C04F79EFBC}") = "rotire_patrat", "rotire_patrat\rotire_patrat.csproj", "{18BB6399-C9F5-4D80-9F9B-9DDD13580745}"
EndProject
Global
	GlobalSection(SolutionConfigurationPlatforms) = preSolution
		Debug|Any CPU = Debug|Any CPU
		Release|Any CPU = Release|Any CPU
	EndGlobalSection
	GlobalSection(ProjectConfigurationPlatforms) = postSolution
		{18BB6399-C9F5-4D80-9F9B-9DDD13580745}.Debug|Any CPU.ActiveCfg = Debug|Any CPU
		{18BB6399-C9F5-4D80-9F9B-9DDD13580745}.Debug|Any CPU.Build.0 = Debug|Any CPU
		{18BB6399-C9F5-4D80-9F9B-9DDD13580745}.Release|Any CPU.ActiveCfg = Release|Any CPU
		{18BB6399-C9F5-4D80-9F9B-9DDD13580745}.Release|Any CPU.Build.0 = Release|Any CPU
	EndGlobalSection
	GlobalSection(SolutionProperties) = preSolution
		HideSolutionNode = FALSE
	EndGlobalSection
	GlobalSection(ExtensibilityGlobals) = postSolution
		SolutionGuid = {94AF7ECF-B1DB-4F3E-A043-49CCBEE40F9B}
	EndGlobalSection
EndGlobal
