
Microsoft Visual Studio Solution File, Format Version 12.00
# Visual Studio Version 16
VisualStudioVersion = 16.0.30523.141
MinimumVisualStudioVersion = 10.0.40219.1
Project("{FAE04EC0-301F-11D3-BF4B-00C04F79EFBC}") = "algoritm_naiv", "algoritm_naiv\algoritm_naiv.csproj", "{26CB7F92-6D61-448A-95D7-889993B4C3C7}"
EndProject
Project("{FAE04EC0-301F-11D3-BF4B-00C04F79EFBC}") = "algoritm_det_inferior-superior", "algoritm_det_inferior-superior\algoritm_det_inferior-superior.csproj", "{29AD4065-6E32-406A-B3E8-E0C79CEBADAC}"
EndProject
Global
	GlobalSection(SolutionConfigurationPlatforms) = preSolution
		Debug|Any CPU = Debug|Any CPU
		Release|Any CPU = Release|Any CPU
	EndGlobalSection
	GlobalSection(ProjectConfigurationPlatforms) = postSolution
		{26CB7F92-6D61-448A-95D7-889993B4C3C7}.Debug|Any CPU.ActiveCfg = Debug|Any CPU
		{26CB7F92-6D61-448A-95D7-889993B4C3C7}.Debug|Any CPU.Build.0 = Debug|Any CPU
		{26CB7F92-6D61-448A-95D7-889993B4C3C7}.Release|Any CPU.ActiveCfg = Release|Any CPU
		{26CB7F92-6D61-448A-95D7-889993B4C3C7}.Release|Any CPU.Build.0 = Release|Any CPU
		{29AD4065-6E32-406A-B3E8-E0C79CEBADAC}.Debug|Any CPU.ActiveCfg = Debug|Any CPU
		{29AD4065-6E32-406A-B3E8-E0C79CEBADAC}.Debug|Any CPU.Build.0 = Debug|Any CPU
		{29AD4065-6E32-406A-B3E8-E0C79CEBADAC}.Release|Any CPU.ActiveCfg = Release|Any CPU
		{29AD4065-6E32-406A-B3E8-E0C79CEBADAC}.Release|Any CPU.Build.0 = Release|Any CPU
	EndGlobalSection
	GlobalSection(SolutionProperties) = preSolution
		HideSolutionNode = FALSE
	EndGlobalSection
	GlobalSection(ExtensibilityGlobals) = postSolution
		SolutionGuid = {D626B286-3062-46C5-9A20-F677016D8578}
	EndGlobalSection
EndGlobal
